{
   "name": "webrtc-textochat",
   "version": "0.1.0",
   "lockfileVersion": 2,
   "requires": true,
   "packages": {
      "": {
         "name": "webrtc-textochat",
         "version": "0.1.0",
         "license": "BSD-2-Clause",
         "dependencies": {
            "bootstrap": "^4.4.1",
            "ws": "^8.8.1"
         }
      },
      "node_modules/bootstrap": {
         "version": "4.4.1",
         "resolved": "https://registry.npmjs.org/bootstrap/-/bootstrap-4.4.1.tgz",
         "integrity": "sha512-tbx5cHubwE6e2ZG7nqM3g/FZ5PQEDMWmMGNrCUBVRPHXTJaH7CBDdsLeu3eCh3B1tzAxTnAbtmrzvWEvT2NNEA==",
         "engines": {
            "node": ">=6"
         },
         "funding": {
            "type": "opencollective",
            "url": "https://opencollective.com/bootstrap"
         },
         "peerDependencies": {
            "jquery": "1.9.1 - 3",
            "popper.js": "^1.16.0"
         }
      },
      "node_modules/ws": {
         "version": "8.8.1",
         "resolved": "https://registry.npmjs.org/ws/-/ws-8.8.1.tgz",
         "integrity": "sha512-bGy2JzvzkPowEJV++hF07hAD6niYSr0JzBNo/J29WsB57A2r7Wlc1UFcTR9IzrPvuNVO4B8LGqF8qcpsVOhJCA==",
         "engines": {
            "node": ">=10.0.0"
         },
         "peerDependencies": {
            "bufferutil": "^4.0.1",
            "utf-8-validate": "^5.0.2"
         },
         "peerDependenciesMeta": {
            "bufferutil": {
               "optional": true
            },
            "utf-8-validate": {
               "optional": true
            }
         }
      }
   },
   "dependencies": {
      "bootstrap": {
         "version": "4.4.1",
         "resolved": "https://registry.npmjs.org/bootstrap/-/bootstrap-4.4.1.tgz",
         "integrity": "sha512-tbx5cHubwE6e2ZG7nqM3g/FZ5PQEDMWmMGNrCUBVRPHXTJaH7CBDdsLeu3eCh3B1tzAxTnAbtmrzvWEvT2NNEA==",
         "requires": {}
      },
      "ws": {
         "version": "8.8.1",
         "resolved": "https://registry.npmjs.org/ws/-/ws-8.8.1.tgz",
         "integrity": "sha512-bGy2JzvzkPowEJV++hF07hAD6niYSr0JzBNo/J29WsB57A2r7Wlc1UFcTR9IzrPvuNVO4B8LGqF8qcpsVOhJCA==",
         "requires": {}
      }
   }
}
